
Microsoft Visual Studio Solution File, Format Version 12.00
# Visual Studio Version 17
VisualStudioVersion = 17.4.33122.133
MinimumVisualStudioVersion = 10.0.40219.1
Project("{FAE04EC0-301F-11D3-BF4B-00C04F79EFBC}") = "AgDataCodingChallengeApi", "AgDataCodingChallengeApi\AgDataCodingChallengeApi.csproj", "{082B2DFD-D15F-4A39-A6EC-213AA409DC7A}"
EndProject
Project("{FAE04EC0-301F-11D3-BF4B-00C04F79EFBC}") = "AddressBookRepositories", "AddressBookInMemoryRepository\AddressBookRepositories.csproj", "{68B36EB7-AEA0-4E83-A051-C6CCA721D38D}"
EndProject
Project("{FAE04EC0-301F-11D3-BF4B-00C04F79EFBC}") = "AddressBookRepositories.NUnit", "AddressBookRepositories.NUnit\AddressBookRepositories.NUnit.csproj", "{6CC6F8AE-0E69-4128-8495-0F3901422234}"
EndProject
Project("{FAE04EC0-301F-11D3-BF4B-00C04F79EFBC}") = "AgDataCodingChallengeApi.NUnit", "AgDataCodingChallengeApi.NUnit\AgDataCodingChallengeApi.NUnit.csproj", "{47734F37-4CB5-4539-937E-46EFFEF28627}"
EndProject
Project("{FAE04EC0-301F-11D3-BF4B-00C04F79EFBC}") = "AddressBookModels", "AddressBookModels\AddressBookModels.csproj", "{6BBFCE32-89C7-4FF0-ACC9-CA9748913D9F}"
EndProject
Project("{2150E333-8FDC-42A3-9474-1A3956D46DE8}") = "SolutionItems", "SolutionItems", "{251CE189-EC3A-452A-9489-9D3FC2D45092}"
	ProjectSection(SolutionItems) = preProject
		README.md = README.md
	EndProjectSection
EndProject
Global
	GlobalSection(SolutionConfigurationPlatforms) = preSolution
		Debug|Any CPU = Debug|Any CPU
		Release|Any CPU = Release|Any CPU
	EndGlobalSection
	GlobalSection(ProjectConfigurationPlatforms) = postSolution
		{082B2DFD-D15F-4A39-A6EC-213AA409DC7A}.Debug|Any CPU.ActiveCfg = Debug|Any CPU
		{082B2DFD-D15F-4A39-A6EC-213AA409DC7A}.Debug|Any CPU.Build.0 = Debug|Any CPU
		{082B2DFD-D15F-4A39-A6EC-213AA409DC7A}.Release|Any CPU.ActiveCfg = Release|Any CPU
		{082B2DFD-D15F-4A39-A6EC-213AA409DC7A}.Release|Any CPU.Build.0 = Release|Any CPU
		{68B36EB7-AEA0-4E83-A051-C6CCA721D38D}.Debug|Any CPU.ActiveCfg = Debug|Any CPU
		{68B36EB7-AEA0-4E83-A051-C6CCA721D38D}.Debug|Any CPU.Build.0 = Debug|Any CPU
		{68B36EB7-AEA0-4E83-A051-C6CCA721D38D}.Release|Any CPU.ActiveCfg = Release|Any CPU
		{68B36EB7-AEA0-4E83-A051-C6CCA721D38D}.Release|Any CPU.Build.0 = Release|Any CPU
		{6CC6F8AE-0E69-4128-8495-0F3901422234}.Debug|Any CPU.ActiveCfg = Debug|Any CPU
		{6CC6F8AE-0E69-4128-8495-0F3901422234}.Debug|Any CPU.Build.0 = Debug|Any CPU
		{6CC6F8AE-0E69-4128-8495-0F3901422234}.Release|Any CPU.ActiveCfg = Release|Any CPU
		{6CC6F8AE-0E69-4128-8495-0F3901422234}.Release|Any CPU.Build.0 = Release|Any CPU
		{47734F37-4CB5-4539-937E-46EFFEF28627}.Debug|Any CPU.ActiveCfg = Debug|Any CPU
		{47734F37-4CB5-4539-937E-46EFFEF28627}.Debug|Any CPU.Build.0 = Debug|Any CPU
		{47734F37-4CB5-4539-937E-46EFFEF28627}.Release|Any CPU.ActiveCfg = Release|Any CPU
		{47734F37-4CB5-4539-937E-46EFFEF28627}.Release|Any CPU.Build.0 = Release|Any CPU
		{6BBFCE32-89C7-4FF0-ACC9-CA9748913D9F}.Debug|Any CPU.ActiveCfg = Debug|Any CPU
		{6BBFCE32-89C7-4FF0-ACC9-CA9748913D9F}.Debug|Any CPU.Build.0 = Debug|Any CPU
		{6BBFCE32-89C7-4FF0-ACC9-CA9748913D9F}.Release|Any CPU.ActiveCfg = Release|Any CPU
		{6BBFCE32-89C7-4FF0-ACC9-CA9748913D9F}.Release|Any CPU.Build.0 = Release|Any CPU
	EndGlobalSection
	GlobalSection(SolutionProperties) = preSolution
		HideSolutionNode = FALSE
	EndGlobalSection
	GlobalSection(ExtensibilityGlobals) = postSolution
		SolutionGuid = {18A170F6-9DA4-4592-830A-4D2A7192F4E7}
	EndGlobalSection
EndGlobal
