
Microsoft Visual Studio Solution File, Format Version 12.00
# Visual Studio Version 17
VisualStudioVersion = 17.4.33122.133
MinimumVisualStudioVersion = 10.0.40219.1
Project("{FAE04EC0-301F-11D3-BF4B-00C04F79EFBC}") = "AgDataCodingChallengeApi", "AgDataCodingChallengeApi\AgDataCodingChallengeApi.csproj", "{082B2DFD-D15F-4A39-A6EC-213AA409DC7A}"
EndProject
Global
	GlobalSection(SolutionConfigurationPlatforms) = preSolution
		Debug|Any CPU = Debug|Any CPU
		Release|Any CPU = Release|Any CPU
	EndGlobalSection
	GlobalSection(ProjectConfigurationPlatforms) = postSolution
		{082B2DFD-D15F-4A39-A6EC-213AA409DC7A}.Debug|Any CPU.ActiveCfg = Debug|Any CPU
		{082B2DFD-D15F-4A39-A6EC-213AA409DC7A}.Debug|Any CPU.Build.0 = Debug|Any CPU
		{082B2DFD-D15F-4A39-A6EC-213AA409DC7A}.Release|Any CPU.ActiveCfg = Release|Any CPU
		{082B2DFD-D15F-4A39-A6EC-213AA409DC7A}.Release|Any CPU.Build.0 = Release|Any CPU
	EndGlobalSection
	GlobalSection(SolutionProperties) = preSolution
		HideSolutionNode = FALSE
	EndGlobalSection
	GlobalSection(ExtensibilityGlobals) = postSolution
		SolutionGuid = {18A170F6-9DA4-4592-830A-4D2A7192F4E7}
	EndGlobalSection
EndGlobal
